
COCOAPODS: 0.15.1

PODS: 
- JSONKit (1.4)
- MKNetworkKit (0.85): 
  - Reachability (~> 3.0)
- Reachability (3.0.0)

DEPENDENCIES: 
- JSONKit (= 1.4)
- MKNetworkKit (= 0.85)

SPEC CHECKSUMS: 
  Reachability: 500bd76bf6cd8ff2c6fb715fc5f44ef6e4c024f2
  MKNetworkKit: 300f34b9174c91d0abc6f78f0ceaa7ae9a96e4d1
  JSONKit: 92ae5f71b77c8dec0cd8d0744adab79d38560949
